
Microsoft Visual Studio Solution File, Format Version 12.00
# Visual Studio Version 17
VisualStudioVersion = 17.8.34408.163
MinimumVisualStudioVersion = 10.0.40219.1
Project("{9A19103F-16F7-4668-BE54-9A1E7A4F7556}") = "S3toDynamodb-BulkUpload", "S3toDynamodb-BulkUpload.csproj", "{D478EB69-0CDF-467F-A274-5CE2FF8CC2A7}"
EndProject
Global
	GlobalSection(SolutionConfigurationPlatforms) = preSolution
		Debug|Any CPU = Debug|Any CPU
		Release|Any CPU = Release|Any CPU
	EndGlobalSection
	GlobalSection(ProjectConfigurationPlatforms) = postSolution
		{D478EB69-0CDF-467F-A274-5CE2FF8CC2A7}.Debug|Any CPU.ActiveCfg = Debug|Any CPU
		{D478EB69-0CDF-467F-A274-5CE2FF8CC2A7}.Debug|Any CPU.Build.0 = Debug|Any CPU
		{D478EB69-0CDF-467F-A274-5CE2FF8CC2A7}.Release|Any CPU.ActiveCfg = Release|Any CPU
		{D478EB69-0CDF-467F-A274-5CE2FF8CC2A7}.Release|Any CPU.Build.0 = Release|Any CPU
	EndGlobalSection
	GlobalSection(SolutionProperties) = preSolution
		HideSolutionNode = FALSE
	EndGlobalSection
	GlobalSection(ExtensibilityGlobals) = postSolution
		SolutionGuid = {4D357CE1-EB43-4468-BED7-79A88C4D7CF8}
	EndGlobalSection
EndGlobal
